
Microsoft Visual Studio Solution File, Format Version 12.00
# Visual Studio 14
VisualStudioVersion = 14.0.24720.0
MinimumVisualStudioVersion = 10.0.40219.1
Project("{FAE04EC0-301F-11D3-BF4B-00C04F79EFBC}") = "dwg_converter", "dwg_converter\dwg_converter.csproj", "{7228FCEE-F1B9-4DFC-B001-D44115567041}"
EndProject
Global
	GlobalSection(SolutionConfigurationPlatforms) = preSolution
		Debug|Any CPU = Debug|Any CPU
		Release|Any CPU = Release|Any CPU
	EndGlobalSection
	GlobalSection(ProjectConfigurationPlatforms) = postSolution
		{7228FCEE-F1B9-4DFC-B001-D44115567041}.Debug|Any CPU.ActiveCfg = Debug|Any CPU
		{7228FCEE-F1B9-4DFC-B001-D44115567041}.Debug|Any CPU.Build.0 = Debug|Any CPU
		{7228FCEE-F1B9-4DFC-B001-D44115567041}.Release|Any CPU.ActiveCfg = Release|Any CPU
		{7228FCEE-F1B9-4DFC-B001-D44115567041}.Release|Any CPU.Build.0 = Release|Any CPU
	EndGlobalSection
	GlobalSection(SolutionProperties) = preSolution
		HideSolutionNode = FALSE
	EndGlobalSection
EndGlobal
